
Microsoft Visual Studio Solution File, Format Version 12.00
# Visual Studio Version 17
VisualStudioVersion = 17.7.34221.43
MinimumVisualStudioVersion = 10.0.40219.1
Project("{9A19103F-16F7-4668-BE54-9A1E7A4F7556}") = "Project03", "Odev3\Project03.csproj", "{E1C3E44C-BFE6-4A17-AB13-0DF4E7EB639F}"
EndProject
Project("{9A19103F-16F7-4668-BE54-9A1E7A4F7556}") = "Project04", "Odev4\Project04.csproj", "{2EABA29C-9AAE-41C5-8DAE-D0BB7D19B69C}"
EndProject
Project("{9A19103F-16F7-4668-BE54-9A1E7A4F7556}") = "Project05", "Odev5\Project05.csproj", "{6EEFDCB3-7CD9-4F69-B5AB-7E9034E4CB59}"
EndProject
Project("{9A19103F-16F7-4668-BE54-9A1E7A4F7556}") = "Project06", "Odev6\Project06.csproj", "{AD5970A4-C038-43F5-A2FD-3228D51E4323}"
EndProject
Project("{9A19103F-16F7-4668-BE54-9A1E7A4F7556}") = "Project07", "Odev7\Project07.csproj", "{5C2599F1-4C1A-430D-97AD-18136F902310}"
EndProject
Project("{9A19103F-16F7-4668-BE54-9A1E7A4F7556}") = "Project08", "Odev8\Project08.csproj", "{C6B7DB44-06A4-4638-80D7-31971EB9F88D}"
EndProject
Project("{FAE04EC0-301F-11D3-BF4B-00C04F79EFBC}") = "Project09", "Odev9\Project09.csproj", "{8216C0B5-167F-4D4A-AE06-8CED88F08011}"
EndProject
Project("{9A19103F-16F7-4668-BE54-9A1E7A4F7556}") = "Project10", "Project10\Project10.csproj", "{28A792C9-56E2-4EAB-A7AD-6E20D04AC6B0}"
EndProject
Project("{9A19103F-16F7-4668-BE54-9A1E7A4F7556}") = "Project11.Business", "Project11.Business\Project11.Business.csproj", "{575B3252-B71B-404C-8679-3E235F01C3B3}"
EndProject
Project("{9A19103F-16F7-4668-BE54-9A1E7A4F7556}") = "Project11.DataAccess", "Project11.DataAccess\Project11.DataAccess.csproj", "{79F1DF0E-5FA2-4929-99B6-3035FCD6784F}"
EndProject
Project("{9A19103F-16F7-4668-BE54-9A1E7A4F7556}") = "Project11.Entities", "Project11.Entities\Project11.Entities.csproj", "{73672AB5-6007-4FB0-820E-F6BD2273475F}"
EndProject
Project("{9A19103F-16F7-4668-BE54-9A1E7A4F7556}") = "Project11.ConsoleUI", "Project11.ConsoleUI\Project11.ConsoleUI.csproj", "{C242F749-2A56-4442-B4E9-487137117D49}"
EndProject
Project("{9A19103F-16F7-4668-BE54-9A1E7A4F7556}") = "Project12.Generics", "Project12.Generics\Project12.Generics.csproj", "{58B3971B-4123-4BB7-9295-70EE4F56B136}"
EndProject
Project("{9A19103F-16F7-4668-BE54-9A1E7A4F7556}") = "Project13.ConsoleUI", "Project13.ConsoleUI\Project13.ConsoleUI.csproj", "{AF5BA3D1-5E04-48B9-A953-5577519B469D}"
EndProject
Project("{9A19103F-16F7-4668-BE54-9A1E7A4F7556}") = "Project13.Entity", "Project13.Entity\Project13.Entity.csproj", "{FBE7D9E0-33D4-41BF-9F84-BC9A3EDA70FC}"
EndProject
Project("{9A19103F-16F7-4668-BE54-9A1E7A4F7556}") = "Project13.Data", "Project13.Data\Project13.Data.csproj", "{CD4C4F1A-C4F7-4A4C-83A3-59607F7A70CC}"
EndProject
Project("{9A19103F-16F7-4668-BE54-9A1E7A4F7556}") = "Project13.Business", "Project13.Business\Project13.Business.csproj", "{6D960F53-AEB8-49A2-9AB1-320BFCE9D557}"
EndProject
Project("{2150E333-8FDC-42A3-9474-1A3956D46DE8}") = "Project14", "Project14", "{710765C2-B345-49C6-9893-B9F4484E25E9}"
EndProject
Project("{9A19103F-16F7-4668-BE54-9A1E7A4F7556}") = "Project14.ConsoleUI", "Project14.ConsoleUI\Project14.ConsoleUI.csproj", "{6BE2CB97-EFA8-4525-A182-33FD2EF29597}"
EndProject
Project("{9A19103F-16F7-4668-BE54-9A1E7A4F7556}") = "Project14.Entities", "Project14.Entities\Project14.Entities.csproj", "{252C0432-F3BF-4C0B-B184-C5D96A34890E}"
EndProject
Project("{9A19103F-16F7-4668-BE54-9A1E7A4F7556}") = "Project14.Data", "Project14.Data\Project14.Data.csproj", "{A7E25108-1C8D-46D4-971B-A3EE011A5050}"
EndProject
Project("{9A19103F-16F7-4668-BE54-9A1E7A4F7556}") = "Project14.Business", "Project14.Business\Project14.Business.csproj", "{EB1FFD2B-D0FD-456D-99D6-992DC701C0C9}"
EndProject
Project("{2150E333-8FDC-42A3-9474-1A3956D46DE8}") = "Project15_Contact", "Project15_Contact", "{BE2D8864-D32D-4123-B745-D9CBFBAA004A}"
EndProject
Project("{FAE04EC0-301F-11D3-BF4B-00C04F79EFBC}") = "Project15.UI", "Project15.UI\Project15.UI.csproj", "{919A67D5-07F7-42C2-AE69-F7FB8CEEF69E}"
EndProject
Project("{FAE04EC0-301F-11D3-BF4B-00C04F79EFBC}") = "Project15.Business", "Project15.Business\Project15.Business.csproj", "{B73DEC8C-EB0B-4A6B-9626-218AE03BA300}"
EndProject
Project("{FAE04EC0-301F-11D3-BF4B-00C04F79EFBC}") = "Project15.Data", "Project15.Data\Project15.Data.csproj", "{29F20132-53D3-4FE3-9926-F14E25CA2086}"
EndProject
Project("{FAE04EC0-301F-11D3-BF4B-00C04F79EFBC}") = "Project15.Entities", "Project15.Entities\Project15.Entities.csproj", "{BAE155C2-4E38-452F-8E0F-140453F5F2A6}"
EndProject
Global
	GlobalSection(SolutionConfigurationPlatforms) = preSolution
		Debug|Any CPU = Debug|Any CPU
		Release|Any CPU = Release|Any CPU
	EndGlobalSection
	GlobalSection(ProjectConfigurationPlatforms) = postSolution
		{E1C3E44C-BFE6-4A17-AB13-0DF4E7EB639F}.Debug|Any CPU.ActiveCfg = Debug|Any CPU
		{E1C3E44C-BFE6-4A17-AB13-0DF4E7EB639F}.Debug|Any CPU.Build.0 = Debug|Any CPU
		{E1C3E44C-BFE6-4A17-AB13-0DF4E7EB639F}.Release|Any CPU.ActiveCfg = Release|Any CPU
		{E1C3E44C-BFE6-4A17-AB13-0DF4E7EB639F}.Release|Any CPU.Build.0 = Release|Any CPU
		{2EABA29C-9AAE-41C5-8DAE-D0BB7D19B69C}.Debug|Any CPU.ActiveCfg = Debug|Any CPU
		{2EABA29C-9AAE-41C5-8DAE-D0BB7D19B69C}.Debug|Any CPU.Build.0 = Debug|Any CPU
		{2EABA29C-9AAE-41C5-8DAE-D0BB7D19B69C}.Release|Any CPU.ActiveCfg = Release|Any CPU
		{2EABA29C-9AAE-41C5-8DAE-D0BB7D19B69C}.Release|Any CPU.Build.0 = Release|Any CPU
		{6EEFDCB3-7CD9-4F69-B5AB-7E9034E4CB59}.Debug|Any CPU.ActiveCfg = Debug|Any CPU
		{6EEFDCB3-7CD9-4F69-B5AB-7E9034E4CB59}.Debug|Any CPU.Build.0 = Debug|Any CPU
		{6EEFDCB3-7CD9-4F69-B5AB-7E9034E4CB59}.Release|Any CPU.ActiveCfg = Release|Any CPU
		{6EEFDCB3-7CD9-4F69-B5AB-7E9034E4CB59}.Release|Any CPU.Build.0 = Release|Any CPU
		{AD5970A4-C038-43F5-A2FD-3228D51E4323}.Debug|Any CPU.ActiveCfg = Debug|Any CPU
		{AD5970A4-C038-43F5-A2FD-3228D51E4323}.Debug|Any CPU.Build.0 = Debug|Any CPU
		{AD5970A4-C038-43F5-A2FD-3228D51E4323}.Release|Any CPU.ActiveCfg = Release|Any CPU
		{AD5970A4-C038-43F5-A2FD-3228D51E4323}.Release|Any CPU.Build.0 = Release|Any CPU
		{5C2599F1-4C1A-430D-97AD-18136F902310}.Debug|Any CPU.ActiveCfg = Debug|Any CPU
		{5C2599F1-4C1A-430D-97AD-18136F902310}.Debug|Any CPU.Build.0 = Debug|Any CPU
		{5C2599F1-4C1A-430D-97AD-18136F902310}.Release|Any CPU.ActiveCfg = Release|Any CPU
		{5C2599F1-4C1A-430D-97AD-18136F902310}.Release|Any CPU.Build.0 = Release|Any CPU
		{C6B7DB44-06A4-4638-80D7-31971EB9F88D}.Debug|Any CPU.ActiveCfg = Debug|Any CPU
		{C6B7DB44-06A4-4638-80D7-31971EB9F88D}.Debug|Any CPU.Build.0 = Debug|Any CPU
		{C6B7DB44-06A4-4638-80D7-31971EB9F88D}.Release|Any CPU.ActiveCfg = Release|Any CPU
		{C6B7DB44-06A4-4638-80D7-31971EB9F88D}.Release|Any CPU.Build.0 = Release|Any CPU
		{8216C0B5-167F-4D4A-AE06-8CED88F08011}.Debug|Any CPU.ActiveCfg = Debug|Any CPU
		{8216C0B5-167F-4D4A-AE06-8CED88F08011}.Debug|Any CPU.Build.0 = Debug|Any CPU
		{8216C0B5-167F-4D4A-AE06-8CED88F08011}.Release|Any CPU.ActiveCfg = Release|Any CPU
		{8216C0B5-167F-4D4A-AE06-8CED88F08011}.Release|Any CPU.Build.0 = Release|Any CPU
		{28A792C9-56E2-4EAB-A7AD-6E20D04AC6B0}.Debug|Any CPU.ActiveCfg = Debug|Any CPU
		{28A792C9-56E2-4EAB-A7AD-6E20D04AC6B0}.Debug|Any CPU.Build.0 = Debug|Any CPU
		{28A792C9-56E2-4EAB-A7AD-6E20D04AC6B0}.Release|Any CPU.ActiveCfg = Release|Any CPU
		{28A792C9-56E2-4EAB-A7AD-6E20D04AC6B0}.Release|Any CPU.Build.0 = Release|Any CPU
		{575B3252-B71B-404C-8679-3E235F01C3B3}.Debug|Any CPU.ActiveCfg = Debug|Any CPU
		{575B3252-B71B-404C-8679-3E235F01C3B3}.Debug|Any CPU.Build.0 = Debug|Any CPU
		{575B3252-B71B-404C-8679-3E235F01C3B3}.Release|Any CPU.ActiveCfg = Release|Any CPU
		{575B3252-B71B-404C-8679-3E235F01C3B3}.Release|Any CPU.Build.0 = Release|Any CPU
		{79F1DF0E-5FA2-4929-99B6-3035FCD6784F}.Debug|Any CPU.ActiveCfg = Debug|Any CPU
		{79F1DF0E-5FA2-4929-99B6-3035FCD6784F}.Debug|Any CPU.Build.0 = Debug|Any CPU
		{79F1DF0E-5FA2-4929-99B6-3035FCD6784F}.Release|Any CPU.ActiveCfg = Release|Any CPU
		{79F1DF0E-5FA2-4929-99B6-3035FCD6784F}.Release|Any CPU.Build.0 = Release|Any CPU
		{73672AB5-6007-4FB0-820E-F6BD2273475F}.Debug|Any CPU.ActiveCfg = Debug|Any CPU
		{73672AB5-6007-4FB0-820E-F6BD2273475F}.Debug|Any CPU.Build.0 = Debug|Any CPU
		{73672AB5-6007-4FB0-820E-F6BD2273475F}.Release|Any CPU.ActiveCfg = Release|Any CPU
		{73672AB5-6007-4FB0-820E-F6BD2273475F}.Release|Any CPU.Build.0 = Release|Any CPU
		{C242F749-2A56-4442-B4E9-487137117D49}.Debug|Any CPU.ActiveCfg = Debug|Any CPU
		{C242F749-2A56-4442-B4E9-487137117D49}.Debug|Any CPU.Build.0 = Debug|Any CPU
		{C242F749-2A56-4442-B4E9-487137117D49}.Release|Any CPU.ActiveCfg = Release|Any CPU
		{C242F749-2A56-4442-B4E9-487137117D49}.Release|Any CPU.Build.0 = Release|Any CPU
		{58B3971B-4123-4BB7-9295-70EE4F56B136}.Debug|Any CPU.ActiveCfg = Debug|Any CPU
		{58B3971B-4123-4BB7-9295-70EE4F56B136}.Debug|Any CPU.Build.0 = Debug|Any CPU
		{58B3971B-4123-4BB7-9295-70EE4F56B136}.Release|Any CPU.ActiveCfg = Release|Any CPU
		{58B3971B-4123-4BB7-9295-70EE4F56B136}.Release|Any CPU.Build.0 = Release|Any CPU
		{AF5BA3D1-5E04-48B9-A953-5577519B469D}.Debug|Any CPU.ActiveCfg = Debug|Any CPU
		{AF5BA3D1-5E04-48B9-A953-5577519B469D}.Debug|Any CPU.Build.0 = Debug|Any CPU
		{AF5BA3D1-5E04-48B9-A953-5577519B469D}.Release|Any CPU.ActiveCfg = Release|Any CPU
		{AF5BA3D1-5E04-48B9-A953-5577519B469D}.Release|Any CPU.Build.0 = Release|Any CPU
		{FBE7D9E0-33D4-41BF-9F84-BC9A3EDA70FC}.Debug|Any CPU.ActiveCfg = Debug|Any CPU
		{FBE7D9E0-33D4-41BF-9F84-BC9A3EDA70FC}.Debug|Any CPU.Build.0 = Debug|Any CPU
		{FBE7D9E0-33D4-41BF-9F84-BC9A3EDA70FC}.Release|Any CPU.ActiveCfg = Release|Any CPU
		{FBE7D9E0-33D4-41BF-9F84-BC9A3EDA70FC}.Release|Any CPU.Build.0 = Release|Any CPU
		{CD4C4F1A-C4F7-4A4C-83A3-59607F7A70CC}.Debug|Any CPU.ActiveCfg = Debug|Any CPU
		{CD4C4F1A-C4F7-4A4C-83A3-59607F7A70CC}.Debug|Any CPU.Build.0 = Debug|Any CPU
		{CD4C4F1A-C4F7-4A4C-83A3-59607F7A70CC}.Release|Any CPU.ActiveCfg = Release|Any CPU
		{CD4C4F1A-C4F7-4A4C-83A3-59607F7A70CC}.Release|Any CPU.Build.0 = Release|Any CPU
		{6D960F53-AEB8-49A2-9AB1-320BFCE9D557}.Debug|Any CPU.ActiveCfg = Debug|Any CPU
		{6D960F53-AEB8-49A2-9AB1-320BFCE9D557}.Debug|Any CPU.Build.0 = Debug|Any CPU
		{6D960F53-AEB8-49A2-9AB1-320BFCE9D557}.Release|Any CPU.ActiveCfg = Release|Any CPU
		{6D960F53-AEB8-49A2-9AB1-320BFCE9D557}.Release|Any CPU.Build.0 = Release|Any CPU
		{6BE2CB97-EFA8-4525-A182-33FD2EF29597}.Debug|Any CPU.ActiveCfg = Debug|Any CPU
		{6BE2CB97-EFA8-4525-A182-33FD2EF29597}.Debug|Any CPU.Build.0 = Debug|Any CPU
		{6BE2CB97-EFA8-4525-A182-33FD2EF29597}.Release|Any CPU.ActiveCfg = Release|Any CPU
		{6BE2CB97-EFA8-4525-A182-33FD2EF29597}.Release|Any CPU.Build.0 = Release|Any CPU
		{252C0432-F3BF-4C0B-B184-C5D96A34890E}.Debug|Any CPU.ActiveCfg = Debug|Any CPU
		{252C0432-F3BF-4C0B-B184-C5D96A34890E}.Debug|Any CPU.Build.0 = Debug|Any CPU
		{252C0432-F3BF-4C0B-B184-C5D96A34890E}.Release|Any CPU.ActiveCfg = Release|Any CPU
		{252C0432-F3BF-4C0B-B184-C5D96A34890E}.Release|Any CPU.Build.0 = Release|Any CPU
		{A7E25108-1C8D-46D4-971B-A3EE011A5050}.Debug|Any CPU.ActiveCfg = Debug|Any CPU
		{A7E25108-1C8D-46D4-971B-A3EE011A5050}.Debug|Any CPU.Build.0 = Debug|Any CPU
		{A7E25108-1C8D-46D4-971B-A3EE011A5050}.Release|Any CPU.ActiveCfg = Release|Any CPU
		{A7E25108-1C8D-46D4-971B-A3EE011A5050}.Release|Any CPU.Build.0 = Release|Any CPU
		{EB1FFD2B-D0FD-456D-99D6-992DC701C0C9}.Debug|Any CPU.ActiveCfg = Debug|Any CPU
		{EB1FFD2B-D0FD-456D-99D6-992DC701C0C9}.Debug|Any CPU.Build.0 = Debug|Any CPU
		{EB1FFD2B-D0FD-456D-99D6-992DC701C0C9}.Release|Any CPU.ActiveCfg = Release|Any CPU
		{EB1FFD2B-D0FD-456D-99D6-992DC701C0C9}.Release|Any CPU.Build.0 = Release|Any CPU
		{919A67D5-07F7-42C2-AE69-F7FB8CEEF69E}.Debug|Any CPU.ActiveCfg = Debug|Any CPU
		{919A67D5-07F7-42C2-AE69-F7FB8CEEF69E}.Debug|Any CPU.Build.0 = Debug|Any CPU
		{919A67D5-07F7-42C2-AE69-F7FB8CEEF69E}.Release|Any CPU.ActiveCfg = Release|Any CPU
		{919A67D5-07F7-42C2-AE69-F7FB8CEEF69E}.Release|Any CPU.Build.0 = Release|Any CPU
		{B73DEC8C-EB0B-4A6B-9626-218AE03BA300}.Debug|Any CPU.ActiveCfg = Debug|Any CPU
		{B73DEC8C-EB0B-4A6B-9626-218AE03BA300}.Debug|Any CPU.Build.0 = Debug|Any CPU
		{B73DEC8C-EB0B-4A6B-9626-218AE03BA300}.Release|Any CPU.ActiveCfg = Release|Any CPU
		{B73DEC8C-EB0B-4A6B-9626-218AE03BA300}.Release|Any CPU.Build.0 = Release|Any CPU
		{29F20132-53D3-4FE3-9926-F14E25CA2086}.Debug|Any CPU.ActiveCfg = Debug|Any CPU
		{29F20132-53D3-4FE3-9926-F14E25CA2086}.Debug|Any CPU.Build.0 = Debug|Any CPU
		{29F20132-53D3-4FE3-9926-F14E25CA2086}.Release|Any CPU.ActiveCfg = Release|Any CPU
		{29F20132-53D3-4FE3-9926-F14E25CA2086}.Release|Any CPU.Build.0 = Release|Any CPU
		{BAE155C2-4E38-452F-8E0F-140453F5F2A6}.Debug|Any CPU.ActiveCfg = Debug|Any CPU
		{BAE155C2-4E38-452F-8E0F-140453F5F2A6}.Debug|Any CPU.Build.0 = Debug|Any CPU
		{BAE155C2-4E38-452F-8E0F-140453F5F2A6}.Release|Any CPU.ActiveCfg = Release|Any CPU
		{BAE155C2-4E38-452F-8E0F-140453F5F2A6}.Release|Any CPU.Build.0 = Release|Any CPU
	EndGlobalSection
	GlobalSection(SolutionProperties) = preSolution
		HideSolutionNode = FALSE
	EndGlobalSection
	GlobalSection(NestedProjects) = preSolution
		{6BE2CB97-EFA8-4525-A182-33FD2EF29597} = {710765C2-B345-49C6-9893-B9F4484E25E9}
		{252C0432-F3BF-4C0B-B184-C5D96A34890E} = {710765C2-B345-49C6-9893-B9F4484E25E9}
		{A7E25108-1C8D-46D4-971B-A3EE011A5050} = {710765C2-B345-49C6-9893-B9F4484E25E9}
		{EB1FFD2B-D0FD-456D-99D6-992DC701C0C9} = {710765C2-B345-49C6-9893-B9F4484E25E9}
		{919A67D5-07F7-42C2-AE69-F7FB8CEEF69E} = {BE2D8864-D32D-4123-B745-D9CBFBAA004A}
		{B73DEC8C-EB0B-4A6B-9626-218AE03BA300} = {BE2D8864-D32D-4123-B745-D9CBFBAA004A}
		{29F20132-53D3-4FE3-9926-F14E25CA2086} = {BE2D8864-D32D-4123-B745-D9CBFBAA004A}
		{BAE155C2-4E38-452F-8E0F-140453F5F2A6} = {BE2D8864-D32D-4123-B745-D9CBFBAA004A}
	EndGlobalSection
	GlobalSection(ExtensibilityGlobals) = postSolution
		SolutionGuid = {B6957B5D-3716-4B25-B243-0C970BA5C756}
	EndGlobalSection
EndGlobal
